
Microsoft Visual Studio Solution File, Format Version 12.00
# Visual Studio Version 17
VisualStudioVersion = 17.6.33815.320
MinimumVisualStudioVersion = 10.0.40219.1
Project("{FAE04EC0-301F-11D3-BF4B-00C04F79EFBC}") = "Music Junction Box", "Music Junction Box\Music Junction Box.csproj", "{64481136-27D4-4061-9F33-879AC3898C4C}"
EndProject
Global
	GlobalSection(SolutionConfigurationPlatforms) = preSolution
		Debug|Any CPU = Debug|Any CPU
		Music Junction Box|Any CPU = Music Junction Box|Any CPU
		Release|Any CPU = Release|Any CPU
	EndGlobalSection
	GlobalSection(ProjectConfigurationPlatforms) = postSolution
		{64481136-27D4-4061-9F33-879AC3898C4C}.Debug|Any CPU.ActiveCfg = Debug|Any CPU
		{64481136-27D4-4061-9F33-879AC3898C4C}.Debug|Any CPU.Build.0 = Debug|Any CPU
		{64481136-27D4-4061-9F33-879AC3898C4C}.Music Junction Box|Any CPU.ActiveCfg = Music Junction Box|Any CPU
		{64481136-27D4-4061-9F33-879AC3898C4C}.Music Junction Box|Any CPU.Build.0 = Music Junction Box|Any CPU
		{64481136-27D4-4061-9F33-879AC3898C4C}.Release|Any CPU.ActiveCfg = Release|Any CPU
		{64481136-27D4-4061-9F33-879AC3898C4C}.Release|Any CPU.Build.0 = Release|Any CPU
	EndGlobalSection
	GlobalSection(SolutionProperties) = preSolution
		HideSolutionNode = FALSE
	EndGlobalSection
	GlobalSection(ExtensibilityGlobals) = postSolution
		SolutionGuid = {BE5FB3C9-48A9-4026-A0CD-0C441033CEF9}
	EndGlobalSection
EndGlobal
